
Microsoft Visual Studio Solution File, Format Version 12.00
# Visual Studio Version 16
VisualStudioVersion = 25.0.1703.0
MinimumVisualStudioVersion = 10.0.40219.1
Project("{FAE04EC0-301F-11D3-BF4B-00C04F79EFBC}") = "TenPercentStreamer", "TenPercentStreamer.csproj", "{4E6CE733-37CD-4D58-BCE9-1B2EDB651E89}"
EndProject
Global
	GlobalSection(SolutionConfigurationPlatforms) = preSolution
		Debug|Any CPU = Debug|Any CPU
		Release|Any CPU = Release|Any CPU
	EndGlobalSection
	GlobalSection(ProjectConfigurationPlatforms) = postSolution
		{4E6CE733-37CD-4D58-BCE9-1B2EDB651E89}.Debug|Any CPU.ActiveCfg = Debug|Any CPU
		{4E6CE733-37CD-4D58-BCE9-1B2EDB651E89}.Debug|Any CPU.Build.0 = Debug|Any CPU
		{4E6CE733-37CD-4D58-BCE9-1B2EDB651E89}.Release|Any CPU.ActiveCfg = Release|Any CPU
		{4E6CE733-37CD-4D58-BCE9-1B2EDB651E89}.Release|Any CPU.Build.0 = Release|Any CPU
	EndGlobalSection
	GlobalSection(SolutionProperties) = preSolution
		HideSolutionNode = FALSE
	EndGlobalSection
	GlobalSection(ExtensibilityGlobals) = postSolution
		SolutionGuid = {C46E74CA-8BCA-4248-BBA4-02176DE83D05}
	EndGlobalSection
EndGlobal
